
Microsoft Visual Studio Solution File, Format Version 12.00
# Visual Studio Version 17
VisualStudioVersion = 17.0.31919.166
MinimumVisualStudioVersion = 10.0.40219.1
Project("{8BC9CEB8-8B4A-11D0-8D11-00A0C91BC942}") = "KuznechikProject2", "KuznechikProject2\KuznechikProject2.vcxproj", "{ADDA0016-F459-4D5A-B8B8-87FDEF021607}"
EndProject
Global
	GlobalSection(SolutionConfigurationPlatforms) = preSolution
		Debug|x64 = Debug|x64
		Debug|x86 = Debug|x86
		Release|x64 = Release|x64
		Release|x86 = Release|x86
	EndGlobalSection
	GlobalSection(ProjectConfigurationPlatforms) = postSolution
		{ADDA0016-F459-4D5A-B8B8-87FDEF021607}.Debug|x64.ActiveCfg = Debug|x64
		{ADDA0016-F459-4D5A-B8B8-87FDEF021607}.Debug|x64.Build.0 = Debug|x64
		{ADDA0016-F459-4D5A-B8B8-87FDEF021607}.Debug|x86.ActiveCfg = Debug|Win32
		{ADDA0016-F459-4D5A-B8B8-87FDEF021607}.Debug|x86.Build.0 = Debug|Win32
		{ADDA0016-F459-4D5A-B8B8-87FDEF021607}.Release|x64.ActiveCfg = Release|x64
		{ADDA0016-F459-4D5A-B8B8-87FDEF021607}.Release|x64.Build.0 = Release|x64
		{ADDA0016-F459-4D5A-B8B8-87FDEF021607}.Release|x86.ActiveCfg = Release|Win32
		{ADDA0016-F459-4D5A-B8B8-87FDEF021607}.Release|x86.Build.0 = Release|Win32
	EndGlobalSection
	GlobalSection(SolutionProperties) = preSolution
		HideSolutionNode = FALSE
	EndGlobalSection
	GlobalSection(ExtensibilityGlobals) = postSolution
		SolutionGuid = {9C2DD174-B7E7-416B-9AB2-90EF962BC9B3}
	EndGlobalSection
EndGlobal
